
Microsoft Visual Studio Solution File, Format Version 12.00
# Visual Studio Version 17
VisualStudioVersion = 17.3.32929.385
MinimumVisualStudioVersion = 10.0.40219.1
Project("{F184B08F-C81C-45F6-A57F-5ABD9991F28F}") = "Lat8", "Lat8\Lat8.vbproj", "{BF9F9112-1714-4023-95C9-FB13339EA360}"
EndProject
Global
	GlobalSection(SolutionConfigurationPlatforms) = preSolution
		Debug|Any CPU = Debug|Any CPU
		Release|Any CPU = Release|Any CPU
	EndGlobalSection
	GlobalSection(ProjectConfigurationPlatforms) = postSolution
		{BF9F9112-1714-4023-95C9-FB13339EA360}.Debug|Any CPU.ActiveCfg = Debug|Any CPU
		{BF9F9112-1714-4023-95C9-FB13339EA360}.Debug|Any CPU.Build.0 = Debug|Any CPU
		{BF9F9112-1714-4023-95C9-FB13339EA360}.Release|Any CPU.ActiveCfg = Release|Any CPU
		{BF9F9112-1714-4023-95C9-FB13339EA360}.Release|Any CPU.Build.0 = Release|Any CPU
	EndGlobalSection
	GlobalSection(SolutionProperties) = preSolution
		HideSolutionNode = FALSE
	EndGlobalSection
	GlobalSection(ExtensibilityGlobals) = postSolution
		SolutionGuid = {7A0D96E4-2DEE-4042-A6FB-174F0E58A128}
	EndGlobalSection
EndGlobal
